// !$*UTF8*$!
{
	archiveVersion = 1;
	classes = {
	};
	objectVersion = 46;
	objects = {

/* Begin PBXBuildFile section */
		2648B8742E244B71AAC50045 /* libPods.a in Frameworks */ = {isa = PBXBuildFile; fileRef = B09F93F440B241599CF301C9 /* libPods.a */; };
		6D8EF22D1677FBE800690661 /* Credential.m in Sources */ = {isa = PBXBuildFile; fileRef = 6D8EF2221677FBE800690661 /* Credential.m */; };
		6D8EF22E1677FBE800690661 /* Credential.m in Sources */ = {isa = PBXBuildFile; fileRef = 6D8EF2221677FBE800690661 /* Credential.m */; };
		6D8EF22F1677FBE800690661 /* NSString+Helper.m in Sources */ = {isa = PBXBuildFile; fileRef = 6D8EF2241677FBE800690661 /* NSString+Helper.m */; };
		6D8EF2301677FBE800690661 /* NSString+Helper.m in Sources */ = {isa = PBXBuildFile; fileRef = 6D8EF2241677FBE800690661 /* NSString+Helper.m */; };
		6D8EF2311677FBE800690661 /* RestAPI.m in Sources */ = {isa = PBXBuildFile; fileRef = 6D8EF2261677FBE800690661 /* RestAPI.m */; };
		6D8EF2321677FBE800690661 /* RestAPI.m in Sources */ = {isa = PBXBuildFile; fileRef = 6D8EF2261677FBE800690661 /* RestAPI.m */; };
		6D8EF2331677FBE800690661 /* RestDefines.m in Sources */ = {isa = PBXBuildFile; fileRef = 6D8EF2281677FBE800690661 /* RestDefines.m */; };
		6D8EF2341677FBE800690661 /* RestDefines.m in Sources */ = {isa = PBXBuildFile; fileRef = 6D8EF2281677FBE800690661 /* RestDefines.m */; };
		6D8EF2351677FBE800690661 /* RestHTTPClient.m in Sources */ = {isa = PBXBuildFile; fileRef = 6D8EF22A1677FBE800690661 /* RestHTTPClient.m */; };
		6D8EF2361677FBE800690661 /* RestHTTPClient.m in Sources */ = {isa = PBXBuildFile; fileRef = 6D8EF22A1677FBE800690661 /* RestHTTPClient.m */; };
		6D8EF2371677FBE800690661 /* WrapperUtil.m in Sources */ = {isa = PBXBuildFile; fileRef = 6D8EF22C1677FBE800690661 /* WrapperUtil.m */; };
		6D8EF2381677FBE800690661 /* WrapperUtil.m in Sources */ = {isa = PBXBuildFile; fileRef = 6D8EF22C1677FBE800690661 /* WrapperUtil.m */; };
		6DBE0ECE1675EAA100BE343A /* UIKit.framework in Frameworks */ = {isa = PBXBuildFile; fileRef = 6DBE0ECD1675EAA100BE343A /* UIKit.framework */; };
		6DBE0ED01675EAA100BE343A /* Foundation.framework in Frameworks */ = {isa = PBXBuildFile; fileRef = 6DBE0ECF1675EAA100BE343A /* Foundation.framework */; };
		6DBE0ED21675EAA100BE343A /* CoreGraphics.framework in Frameworks */ = {isa = PBXBuildFile; fileRef = 6DBE0ED11675EAA100BE343A /* CoreGraphics.framework */; };
		6DBE0ED81675EAA100BE343A /* InfoPlist.strings in Resources */ = {isa = PBXBuildFile; fileRef = 6DBE0ED61675EAA100BE343A /* InfoPlist.strings */; };
		6DBE0EDA1675EAA100BE343A /* main.m in Sources */ = {isa = PBXBuildFile; fileRef = 6DBE0ED91675EAA100BE343A /* main.m */; };
		6DBE0EDE1675EAA100BE343A /* AppDelegate.m in Sources */ = {isa = PBXBuildFile; fileRef = 6DBE0EDD1675EAA100BE343A /* AppDelegate.m */; };
		6DBE0EE01675EAA100BE343A /* Default.png in Resources */ = {isa = PBXBuildFile; fileRef = 6DBE0EDF1675EAA100BE343A /* Default.png */; };
		6DBE0EE21675EAA100BE343A /* Default@2x.png in Resources */ = {isa = PBXBuildFile; fileRef = 6DBE0EE11675EAA100BE343A /* Default@2x.png */; };
		6DBE0EE41675EAA100BE343A /* Default-568h@2x.png in Resources */ = {isa = PBXBuildFile; fileRef = 6DBE0EE31675EAA100BE343A /* Default-568h@2x.png */; };
		6DBE0EF01675EB1800BE343A /* UIKit.framework in Frameworks */ = {isa = PBXBuildFile; fileRef = 6DBE0ECD1675EAA100BE343A /* UIKit.framework */; };
		6DBE0EF11675EB1800BE343A /* Foundation.framework in Frameworks */ = {isa = PBXBuildFile; fileRef = 6DBE0ECF1675EAA100BE343A /* Foundation.framework */; };
		6DBE0EF21675EB1800BE343A /* CoreGraphics.framework in Frameworks */ = {isa = PBXBuildFile; fileRef = 6DBE0ED11675EAA100BE343A /* CoreGraphics.framework */; };
		6DBE0EF81675EB1800BE343A /* InfoPlist.strings in Resources */ = {isa = PBXBuildFile; fileRef = 6DBE0EF61675EB1800BE343A /* InfoPlist.strings */; };
		6DBE0EFA1675EB1800BE343A /* main.m in Sources */ = {isa = PBXBuildFile; fileRef = 6DBE0EF91675EB1800BE343A /* main.m */; };
		6DBE0F001675EB1800BE343A /* Default.png in Resources */ = {isa = PBXBuildFile; fileRef = 6DBE0EFF1675EB1800BE343A /* Default.png */; };
		6DBE0F021675EB1800BE343A /* Default@2x.png in Resources */ = {isa = PBXBuildFile; fileRef = 6DBE0F011675EB1800BE343A /* Default@2x.png */; };
		6DBE0F041675EB1800BE343A /* Default-568h@2x.png in Resources */ = {isa = PBXBuildFile; fileRef = 6DBE0F031675EB1800BE343A /* Default-568h@2x.png */; };
		6DBE0F0C1675EC3C00BE343A /* TestWrapper.m in Sources */ = {isa = PBXBuildFile; fileRef = 6DBE0F0B1675EC3C00BE343A /* TestWrapper.m */; };
		6DBE0F3E1675F30C00BE343A /* GHUnitIOS.framework in Frameworks */ = {isa = PBXBuildFile; fileRef = 6DBE0F3D1675F30C00BE343A /* GHUnitIOS.framework */; };
		6DBE0FBB1676009B00BE343A /* libPods.a in Frameworks */ = {isa = PBXBuildFile; fileRef = 6DBE0FBA1676009B00BE343A /* libPods.a */; };
		6DBE0FE81676038D00BE343A /* SystemConfiguration.framework in Frameworks */ = {isa = PBXBuildFile; fileRef = 6DBE0F411675F3D700BE343A /* SystemConfiguration.framework */; };
		6DBE0FE91676039800BE343A /* SystemConfiguration.framework in Frameworks */ = {isa = PBXBuildFile; fileRef = 6DBE0F411675F3D700BE343A /* SystemConfiguration.framework */; };
/* End PBXBuildFile section */

/* Begin PBXFileReference section */
		31C3B027F4DA4C40A7AA940C /* Pods.xcconfig */ = {isa = PBXFileReference; includeInIndex = 1; lastKnownFileType = text.xcconfig; name = Pods.xcconfig; path = Pods/Pods.xcconfig; sourceTree = SOURCE_ROOT; };
		6D8EF2211677FBE800690661 /* Credential.h */ = {isa = PBXFileReference; fileEncoding = 4; lastKnownFileType = sourcecode.c.h; path = Credential.h; sourceTree = "<group>"; };
		6D8EF2221677FBE800690661 /* Credential.m */ = {isa = PBXFileReference; fileEncoding = 4; lastKnownFileType = sourcecode.c.objc; path = Credential.m; sourceTree = "<group>"; };
		6D8EF2231677FBE800690661 /* NSString+Helper.h */ = {isa = PBXFileReference; fileEncoding = 4; lastKnownFileType = sourcecode.c.h; path = "NSString+Helper.h"; sourceTree = "<group>"; };
		6D8EF2241677FBE800690661 /* NSString+Helper.m */ = {isa = PBXFileReference; fileEncoding = 4; lastKnownFileType = sourcecode.c.objc; path = "NSString+Helper.m"; sourceTree = "<group>"; };
		6D8EF2251677FBE800690661 /* RestAPI.h */ = {isa = PBXFileReference; fileEncoding = 4; lastKnownFileType = sourcecode.c.h; path = RestAPI.h; sourceTree = "<group>"; };
		6D8EF2261677FBE800690661 /* RestAPI.m */ = {isa = PBXFileReference; fileEncoding = 4; lastKnownFileType = sourcecode.c.objc; path = RestAPI.m; sourceTree = "<group>"; };
		6D8EF2271677FBE800690661 /* RestDefines.h */ = {isa = PBXFileReference; fileEncoding = 4; lastKnownFileType = sourcecode.c.h; path = RestDefines.h; sourceTree = "<group>"; };
		6D8EF2281677FBE800690661 /* RestDefines.m */ = {isa = PBXFileReference; fileEncoding = 4; lastKnownFileType = sourcecode.c.objc; path = RestDefines.m; sourceTree = "<group>"; };
		6D8EF2291677FBE800690661 /* RestHTTPClient.h */ = {isa = PBXFileReference; fileEncoding = 4; lastKnownFileType = sourcecode.c.h; path = RestHTTPClient.h; sourceTree = "<group>"; };
		6D8EF22A1677FBE800690661 /* RestHTTPClient.m */ = {isa = PBXFileReference; fileEncoding = 4; lastKnownFileType = sourcecode.c.objc; path = RestHTTPClient.m; sourceTree = "<group>"; };
		6D8EF22B1677FBE800690661 /* WrapperUtil.h */ = {isa = PBXFileReference; fileEncoding = 4; lastKnownFileType = sourcecode.c.h; path = WrapperUtil.h; sourceTree = "<group>"; };
		6D8EF22C1677FBE800690661 /* WrapperUtil.m */ = {isa = PBXFileReference; fileEncoding = 4; lastKnownFileType = sourcecode.c.objc; path = WrapperUtil.m; sourceTree = "<group>"; };
		6DBE0EC91675EAA100BE343A /* Wrapper.app */ = {isa = PBXFileReference; explicitFileType = wrapper.application; includeInIndex = 0; path = Wrapper.app; sourceTree = BUILT_PRODUCTS_DIR; };
		6DBE0ECD1675EAA100BE343A /* UIKit.framework */ = {isa = PBXFileReference; includeInIndex = 1; lastKnownFileType = wrapper.framework; name = UIKit.framework; path = System/Library/Frameworks/UIKit.framework; sourceTree = SDKROOT; };
		6DBE0ECF1675EAA100BE343A /* Foundation.framework */ = {isa = PBXFileReference; includeInIndex = 1; lastKnownFileType = wrapper.framework; name = Foundation.framework; path = System/Library/Frameworks/Foundation.framework; sourceTree = SDKROOT; };
		6DBE0ED11675EAA100BE343A /* CoreGraphics.framework */ = {isa = PBXFileReference; includeInIndex = 1; lastKnownFileType = wrapper.framework; name = CoreGraphics.framework; path = System/Library/Frameworks/CoreGraphics.framework; sourceTree = SDKROOT; };
		6DBE0ED51675EAA100BE343A /* Wrapper-Info.plist */ = {isa = PBXFileReference; lastKnownFileType = text.plist.xml; path = "Wrapper-Info.plist"; sourceTree = "<group>"; };
		6DBE0ED71675EAA100BE343A /* en */ = {isa = PBXFileReference; lastKnownFileType = text.plist.strings; name = en; path = en.lproj/InfoPlist.strings; sourceTree = "<group>"; };
		6DBE0ED91675EAA100BE343A /* main.m */ = {isa = PBXFileReference; lastKnownFileType = sourcecode.c.objc; path = main.m; sourceTree = "<group>"; };
		6DBE0EDB1675EAA100BE343A /* Wrapper-Prefix.pch */ = {isa = PBXFileReference; lastKnownFileType = sourcecode.c.h; path = "Wrapper-Prefix.pch"; sourceTree = "<group>"; };
		6DBE0EDC1675EAA100BE343A /* AppDelegate.h */ = {isa = PBXFileReference; lastKnownFileType = sourcecode.c.h; path = AppDelegate.h; sourceTree = "<group>"; };
		6DBE0EDD1675EAA100BE343A /* AppDelegate.m */ = {isa = PBXFileReference; lastKnownFileType = sourcecode.c.objc; path = AppDelegate.m; sourceTree = "<group>"; };
		6DBE0EDF1675EAA100BE343A /* Default.png */ = {isa = PBXFileReference; lastKnownFileType = image.png; path = Default.png; sourceTree = "<group>"; };
		6DBE0EE11675EAA100BE343A /* Default@2x.png */ = {isa = PBXFileReference; lastKnownFileType = image.png; path = "Default@2x.png"; sourceTree = "<group>"; };
		6DBE0EE31675EAA100BE343A /* Default-568h@2x.png */ = {isa = PBXFileReference; lastKnownFileType = image.png; path = "Default-568h@2x.png"; sourceTree = "<group>"; };
		6DBE0EEE1675EB1800BE343A /* Tests.app */ = {isa = PBXFileReference; explicitFileType = wrapper.application; includeInIndex = 0; path = Tests.app; sourceTree = BUILT_PRODUCTS_DIR; };
		6DBE0EF51675EB1800BE343A /* Tests-Info.plist */ = {isa = PBXFileReference; lastKnownFileType = text.plist.xml; path = "Tests-Info.plist"; sourceTree = "<group>"; };
		6DBE0EF71675EB1800BE343A /* en */ = {isa = PBXFileReference; lastKnownFileType = text.plist.strings; name = en; path = en.lproj/InfoPlist.strings; sourceTree = "<group>"; };
		6DBE0EF91675EB1800BE343A /* main.m */ = {isa = PBXFileReference; lastKnownFileType = sourcecode.c.objc; path = main.m; sourceTree = "<group>"; };
		6DBE0EFB1675EB1800BE343A /* Tests-Prefix.pch */ = {isa = PBXFileReference; lastKnownFileType = sourcecode.c.h; path = "Tests-Prefix.pch"; sourceTree = "<group>"; };
		6DBE0EFF1675EB1800BE343A /* Default.png */ = {isa = PBXFileReference; lastKnownFileType = image.png; path = Default.png; sourceTree = "<group>"; };
		6DBE0F011675EB1800BE343A /* Default@2x.png */ = {isa = PBXFileReference; lastKnownFileType = image.png; path = "Default@2x.png"; sourceTree = "<group>"; };
		6DBE0F031675EB1800BE343A /* Default-568h@2x.png */ = {isa = PBXFileReference; lastKnownFileType = image.png; path = "Default-568h@2x.png"; sourceTree = "<group>"; };
		6DBE0F0B1675EC3C00BE343A /* TestWrapper.m */ = {isa = PBXFileReference; fileEncoding = 4; lastKnownFileType = sourcecode.c.objc; path = TestWrapper.m; sourceTree = "<group>"; };
		6DBE0F3D1675F30C00BE343A /* GHUnitIOS.framework */ = {isa = PBXFileReference; lastKnownFileType = wrapper.framework; name = GHUnitIOS.framework; path = Tests/GHUnitIOS.framework; sourceTree = "<group>"; };
		6DBE0F411675F3D700BE343A /* SystemConfiguration.framework */ = {isa = PBXFileReference; lastKnownFileType = wrapper.framework; name = SystemConfiguration.framework; path = System/Library/Frameworks/SystemConfiguration.framework; sourceTree = SDKROOT; };
		6DBE0FBA1676009B00BE343A /* libPods.a */ = {isa = PBXFileReference; lastKnownFileType = archive.ar; name = libPods.a; path = "Pods/build/Release-iphoneos/libPods.a"; sourceTree = "<group>"; };
		B09F93F440B241599CF301C9 /* libPods.a */ = {isa = PBXFileReference; explicitFileType = archive.ar; includeInIndex = 0; path = libPods.a; sourceTree = BUILT_PRODUCTS_DIR; };
/* End PBXFileReference section */

/* Begin PBXFrameworksBuildPhase section */
		6DBE0EC61675EAA100BE343A /* Frameworks */ = {
			isa = PBXFrameworksBuildPhase;
			buildActionMask = 2147483647;
			files = (
				6DBE0FE81676038D00BE343A /* SystemConfiguration.framework in Frameworks */,
				6DBE0ECE1675EAA100BE343A /* UIKit.framework in Frameworks */,
				6DBE0ED01675EAA100BE343A /* Foundation.framework in Frameworks */,
				6DBE0ED21675EAA100BE343A /* CoreGraphics.framework in Frameworks */,
				2648B8742E244B71AAC50045 /* libPods.a in Frameworks */,
			);
			runOnlyForDeploymentPostprocessing = 0;
		};
		6DBE0EEB1675EB1800BE343A /* Frameworks */ = {
			isa = PBXFrameworksBuildPhase;
			buildActionMask = 2147483647;
			files = (
				6DBE0FE91676039800BE343A /* SystemConfiguration.framework in Frameworks */,
				6DBE0FBB1676009B00BE343A /* libPods.a in Frameworks */,
				6DBE0F3E1675F30C00BE343A /* GHUnitIOS.framework in Frameworks */,
				6DBE0EF01675EB1800BE343A /* UIKit.framework in Frameworks */,
				6DBE0EF11675EB1800BE343A /* Foundation.framework in Frameworks */,
				6DBE0EF21675EB1800BE343A /* CoreGraphics.framework in Frameworks */,
			);
			runOnlyForDeploymentPostprocessing = 0;
		};
/* End PBXFrameworksBuildPhase section */

/* Begin PBXGroup section */
		6D8EF2201677FBE800690661 /* Framework */ = {
			isa = PBXGroup;
			children = (
				6D8EF23B1677FC0800690661 /* REST */,
				6D8EF23A1677FBF500690661 /* Categories */,
				6D8EF2211677FBE800690661 /* Credential.h */,
				6D8EF2221677FBE800690661 /* Credential.m */,
				6D8EF22B1677FBE800690661 /* WrapperUtil.h */,
				6D8EF22C1677FBE800690661 /* WrapperUtil.m */,
			);
			path = Framework;
			sourceTree = "<group>";
		};
		6D8EF23A1677FBF500690661 /* Categories */ = {
			isa = PBXGroup;
			children = (
				6D8EF2231677FBE800690661 /* NSString+Helper.h */,
				6D8EF2241677FBE800690661 /* NSString+Helper.m */,
			);
			name = Categories;
			sourceTree = "<group>";
		};
		6D8EF23B1677FC0800690661 /* REST */ = {
			isa = PBXGroup;
			children = (
				6D8EF2251677FBE800690661 /* RestAPI.h */,
				6D8EF2261677FBE800690661 /* RestAPI.m */,
				6D8EF2271677FBE800690661 /* RestDefines.h */,
				6D8EF2281677FBE800690661 /* RestDefines.m */,
				6D8EF2291677FBE800690661 /* RestHTTPClient.h */,
				6D8EF22A1677FBE800690661 /* RestHTTPClient.m */,
			);
			name = REST;
			sourceTree = "<group>";
		};
		6DBE0EBE1675EAA100BE343A = {
			isa = PBXGroup;
			children = (
				6DBE0FBA1676009B00BE343A /* libPods.a */,
				6DBE0ED31675EAA100BE343A /* Wrapper */,
				6DBE0EF31675EB1800BE343A /* Tests */,
				6DBE0ECC1675EAA100BE343A /* Frameworks */,
				6DBE0ECA1675EAA100BE343A /* Products */,
				31C3B027F4DA4C40A7AA940C /* Pods.xcconfig */,
			);
			sourceTree = "<group>";
		};
		6DBE0ECA1675EAA100BE343A /* Products */ = {
			isa = PBXGroup;
			children = (
				6DBE0EC91675EAA100BE343A /* Wrapper.app */,
				6DBE0EEE1675EB1800BE343A /* Tests.app */,
			);
			name = Products;
			sourceTree = "<group>";
		};
		6DBE0ECC1675EAA100BE343A /* Frameworks */ = {
			isa = PBXGroup;
			children = (
				6DBE0F411675F3D700BE343A /* SystemConfiguration.framework */,
				6DBE0F3D1675F30C00BE343A /* GHUnitIOS.framework */,
				6DBE0ECD1675EAA100BE343A /* UIKit.framework */,
				6DBE0ECF1675EAA100BE343A /* Foundation.framework */,
				6DBE0ED11675EAA100BE343A /* CoreGraphics.framework */,
				B09F93F440B241599CF301C9 /* libPods.a */,
			);
			name = Frameworks;
			sourceTree = "<group>";
		};
		6DBE0ED31675EAA100BE343A /* Wrapper */ = {
			isa = PBXGroup;
			children = (
				6D8EF2201677FBE800690661 /* Framework */,
				6DBE0EDC1675EAA100BE343A /* AppDelegate.h */,
				6DBE0EDD1675EAA100BE343A /* AppDelegate.m */,
				6DBE0ED41675EAA100BE343A /* Supporting Files */,
			);
			path = Wrapper;
			sourceTree = "<group>";
		};
		6DBE0ED41675EAA100BE343A /* Supporting Files */ = {
			isa = PBXGroup;
			children = (
				6DBE0ED51675EAA100BE343A /* Wrapper-Info.plist */,
				6DBE0ED61675EAA100BE343A /* InfoPlist.strings */,
				6DBE0ED91675EAA100BE343A /* main.m */,
				6DBE0EDB1675EAA100BE343A /* Wrapper-Prefix.pch */,
				6DBE0EDF1675EAA100BE343A /* Default.png */,
				6DBE0EE11675EAA100BE343A /* Default@2x.png */,
				6DBE0EE31675EAA100BE343A /* Default-568h@2x.png */,
			);
			name = "Supporting Files";
			sourceTree = "<group>";
		};
		6DBE0EF31675EB1800BE343A /* Tests */ = {
			isa = PBXGroup;
			children = (
				6DBE0EF41675EB1800BE343A /* Supporting Files */,
				6DBE0F0B1675EC3C00BE343A /* TestWrapper.m */,
			);
			path = Tests;
			sourceTree = "<group>";
		};
		6DBE0EF41675EB1800BE343A /* Supporting Files */ = {
			isa = PBXGroup;
			children = (
				6DBE0EF51675EB1800BE343A /* Tests-Info.plist */,
				6DBE0EF61675EB1800BE343A /* InfoPlist.strings */,
				6DBE0EF91675EB1800BE343A /* main.m */,
				6DBE0EFB1675EB1800BE343A /* Tests-Prefix.pch */,
				6DBE0EFF1675EB1800BE343A /* Default.png */,
				6DBE0F011675EB1800BE343A /* Default@2x.png */,
				6DBE0F031675EB1800BE343A /* Default-568h@2x.png */,
			);
			name = "Supporting Files";
			sourceTree = "<group>";
		};
/* End PBXGroup section */

/* Begin PBXNativeTarget section */
		6DBE0EC81675EAA100BE343A /* Wrapper */ = {
			isa = PBXNativeTarget;
			buildConfigurationList = 6DBE0EE71675EAA100BE343A /* Build configuration list for PBXNativeTarget "Wrapper" */;
			buildPhases = (
				6DBE0EC51675EAA100BE343A /* Sources */,
				6DBE0EC61675EAA100BE343A /* Frameworks */,
				6DBE0EC71675EAA100BE343A /* Resources */,
				9C547CEC584E41D79097C49F /* Copy Pods Resources */,
			);
			buildRules = (
			);
			dependencies = (
			);
			name = Wrapper;
			productName = Wrapper;
			productReference = 6DBE0EC91675EAA100BE343A /* Wrapper.app */;
			productType = "com.apple.product-type.application";
		};
		6DBE0EED1675EB1800BE343A /* Tests */ = {
			isa = PBXNativeTarget;
			buildConfigurationList = 6DBE0F051675EB1800BE343A /* Build configuration list for PBXNativeTarget "Tests" */;
			buildPhases = (
				6DBE0EEA1675EB1800BE343A /* Sources */,
				6DBE0EEB1675EB1800BE343A /* Frameworks */,
				6DBE0EEC1675EB1800BE343A /* Resources */,
			);
			buildRules = (
			);
			dependencies = (
			);
			name = Tests;
			productName = Tests;
			productReference = 6DBE0EEE1675EB1800BE343A /* Tests.app */;
			productType = "com.apple.product-type.application";
		};
/* End PBXNativeTarget section */

/* Begin PBXProject section */
		6DBE0EC01675EAA100BE343A /* Project object */ = {
			isa = PBXProject;
			attributes = {
				LastUpgradeCheck = 0450;
				ORGANIZATIONNAME = "Adriana Santos";
			};
			buildConfigurationList = 6DBE0EC31675EAA100BE343A /* Build configuration list for PBXProject "Wrapper" */;
			compatibilityVersion = "Xcode 3.2";
			developmentRegion = English;
			hasScannedForEncodings = 0;
			knownRegions = (
				en,
			);
			mainGroup = 6DBE0EBE1675EAA100BE343A;
			productRefGroup = 6DBE0ECA1675EAA100BE343A /* Products */;
			projectDirPath = "";
			projectRoot = "";
			targets = (
				6DBE0EC81675EAA100BE343A /* Wrapper */,
				6DBE0EED1675EB1800BE343A /* Tests */,
			);
		};
/* End PBXProject section */

/* Begin PBXResourcesBuildPhase section */
		6DBE0EC71675EAA100BE343A /* Resources */ = {
			isa = PBXResourcesBuildPhase;
			buildActionMask = 2147483647;
			files = (
				6DBE0ED81675EAA100BE343A /* InfoPlist.strings in Resources */,
				6DBE0EE01675EAA100BE343A /* Default.png in Resources */,
				6DBE0EE21675EAA100BE343A /* Default@2x.png in Resources */,
				6DBE0EE41675EAA100BE343A /* Default-568h@2x.png in Resources */,
			);
			runOnlyForDeploymentPostprocessing = 0;
		};
		6DBE0EEC1675EB1800BE343A /* Resources */ = {
			isa = PBXResourcesBuildPhase;
			buildActionMask = 2147483647;
			files = (
				6DBE0EF81675EB1800BE343A /* InfoPlist.strings in Resources */,
				6DBE0F001675EB1800BE343A /* Default.png in Resources */,
				6DBE0F021675EB1800BE343A /* Default@2x.png in Resources */,
				6DBE0F041675EB1800BE343A /* Default-568h@2x.png in Resources */,
			);
			runOnlyForDeploymentPostprocessing = 0;
		};
/* End PBXResourcesBuildPhase section */

/* Begin PBXShellScriptBuildPhase section */
		9C547CEC584E41D79097C49F /* Copy Pods Resources */ = {
			isa = PBXShellScriptBuildPhase;
			buildActionMask = 2147483647;
			files = (
			);
			inputPaths = (
			);
			name = "Copy Pods Resources";
			outputPaths = (
			);
			runOnlyForDeploymentPostprocessing = 0;
			shellPath = /bin/sh;
			shellScript = "\"${SRCROOT}/Pods/Pods-resources.sh\"\n";
		};
/* End PBXShellScriptBuildPhase section */

/* Begin PBXSourcesBuildPhase section */
		6DBE0EC51675EAA100BE343A /* Sources */ = {
			isa = PBXSourcesBuildPhase;
			buildActionMask = 2147483647;
			files = (
				6DBE0EDA1675EAA100BE343A /* main.m in Sources */,
				6DBE0EDE1675EAA100BE343A /* AppDelegate.m in Sources */,
				6D8EF22D1677FBE800690661 /* Credential.m in Sources */,
				6D8EF22F1677FBE800690661 /* NSString+Helper.m in Sources */,
				6D8EF2311677FBE800690661 /* RestAPI.m in Sources */,
				6D8EF2331677FBE800690661 /* RestDefines.m in Sources */,
				6D8EF2351677FBE800690661 /* RestHTTPClient.m in Sources */,
				6D8EF2371677FBE800690661 /* WrapperUtil.m in Sources */,
			);
			runOnlyForDeploymentPostprocessing = 0;
		};
		6DBE0EEA1675EB1800BE343A /* Sources */ = {
			isa = PBXSourcesBuildPhase;
			buildActionMask = 2147483647;
			files = (
				6DBE0EFA1675EB1800BE343A /* main.m in Sources */,
				6DBE0F0C1675EC3C00BE343A /* TestWrapper.m in Sources */,
				6D8EF22E1677FBE800690661 /* Credential.m in Sources */,
				6D8EF2301677FBE800690661 /* NSString+Helper.m in Sources */,
				6D8EF2321677FBE800690661 /* RestAPI.m in Sources */,
				6D8EF2341677FBE800690661 /* RestDefines.m in Sources */,
				6D8EF2361677FBE800690661 /* RestHTTPClient.m in Sources */,
				6D8EF2381677FBE800690661 /* WrapperUtil.m in Sources */,
			);
			runOnlyForDeploymentPostprocessing = 0;
		};
/* End PBXSourcesBuildPhase section */

/* Begin PBXVariantGroup section */
		6DBE0ED61675EAA100BE343A /* InfoPlist.strings */ = {
			isa = PBXVariantGroup;
			children = (
				6DBE0ED71675EAA100BE343A /* en */,
			);
			name = InfoPlist.strings;
			sourceTree = "<group>";
		};
		6DBE0EF61675EB1800BE343A /* InfoPlist.strings */ = {
			isa = PBXVariantGroup;
			children = (
				6DBE0EF71675EB1800BE343A /* en */,
			);
			name = InfoPlist.strings;
			sourceTree = "<group>";
		};
/* End PBXVariantGroup section */

/* Begin XCBuildConfiguration section */
		6DBE0EE51675EAA100BE343A /* Debug */ = {
			isa = XCBuildConfiguration;
			buildSettings = {
				ALWAYS_SEARCH_USER_PATHS = NO;
				CLANG_CXX_LANGUAGE_STANDARD = "gnu++0x";
				CLANG_CXX_LIBRARY = "libc++";
				CLANG_ENABLE_OBJC_ARC = YES;
				CLANG_WARN_EMPTY_BODY = YES;
				CLANG_WARN__DUPLICATE_METHOD_MATCH = YES;
				"CODE_SIGN_IDENTITY[sdk=iphoneos*]" = "iPhone Developer";
				COPY_PHASE_STRIP = NO;
				GCC_C_LANGUAGE_STANDARD = gnu99;
				GCC_DYNAMIC_NO_PIC = NO;
				GCC_OPTIMIZATION_LEVEL = 0;
				GCC_PREPROCESSOR_DEFINITIONS = (
					"DEBUG=1",
					"$(inherited)",
				);
				GCC_SYMBOLS_PRIVATE_EXTERN = NO;
				GCC_WARN_ABOUT_RETURN_TYPE = YES;
				GCC_WARN_UNINITIALIZED_AUTOS = YES;
				GCC_WARN_UNUSED_VARIABLE = YES;
				IPHONEOS_DEPLOYMENT_TARGET = 6.0;
				SDKROOT = iphoneos;
				TARGETED_DEVICE_FAMILY = "1,2";
			};
			name = Debug;
		};
		6DBE0EE61675EAA100BE343A /* Release */ = {
			isa = XCBuildConfiguration;
			buildSettings = {
				ALWAYS_SEARCH_USER_PATHS = NO;
				CLANG_CXX_LANGUAGE_STANDARD = "gnu++0x";
				CLANG_CXX_LIBRARY = "libc++";
				CLANG_ENABLE_OBJC_ARC = YES;
				CLANG_WARN_EMPTY_BODY = YES;
				CLANG_WARN__DUPLICATE_METHOD_MATCH = YES;
				"CODE_SIGN_IDENTITY[sdk=iphoneos*]" = "iPhone Developer";
				COPY_PHASE_STRIP = YES;
				GCC_C_LANGUAGE_STANDARD = gnu99;
				GCC_WARN_ABOUT_RETURN_TYPE = YES;
				GCC_WARN_UNINITIALIZED_AUTOS = YES;
				GCC_WARN_UNUSED_VARIABLE = YES;
				IPHONEOS_DEPLOYMENT_TARGET = 6.0;
				OTHER_CFLAGS = "-DNS_BLOCK_ASSERTIONS=1";
				SDKROOT = iphoneos;
				TARGETED_DEVICE_FAMILY = "1,2";
				VALIDATE_PRODUCT = YES;
			};
			name = Release;
		};
		6DBE0EE81675EAA100BE343A /* Debug */ = {
			isa = XCBuildConfiguration;
			baseConfigurationReference = 31C3B027F4DA4C40A7AA940C /* Pods.xcconfig */;
			buildSettings = {
				GCC_PRECOMPILE_PREFIX_HEADER = YES;
				GCC_PREFIX_HEADER = "Wrapper/Wrapper-Prefix.pch";
				INFOPLIST_FILE = "Wrapper/Wrapper-Info.plist";
				ONLY_ACTIVE_ARCH = YES;
				PRODUCT_NAME = "$(TARGET_NAME)";
				WRAPPER_EXTENSION = app;
			};
			name = Debug;
		};
		6DBE0EE91675EAA100BE343A /* Release */ = {
			isa = XCBuildConfiguration;
			baseConfigurationReference = 31C3B027F4DA4C40A7AA940C /* Pods.xcconfig */;
			buildSettings = {
				GCC_PRECOMPILE_PREFIX_HEADER = YES;
				GCC_PREFIX_HEADER = "Wrapper/Wrapper-Prefix.pch";
				INFOPLIST_FILE = "Wrapper/Wrapper-Info.plist";
				PRODUCT_NAME = "$(TARGET_NAME)";
				WRAPPER_EXTENSION = app;
			};
			name = Release;
		};
		6DBE0F061675EB1800BE343A /* Debug */ = {
			isa = XCBuildConfiguration;
			baseConfigurationReference = 31C3B027F4DA4C40A7AA940C /* Pods.xcconfig */;
			buildSettings = {
				"CODE_SIGN_IDENTITY[sdk=iphoneos*]" = "iPhone Developer";
				FRAMEWORK_SEARCH_PATHS = (
					"$(inherited)",
					"\"$(SRCROOT)\"",
					"\"$(SRCROOT)/../ios_network_layer/Tests\"",
					"\"$(SRCROOT)/Tests\"",
				);
				GCC_PRECOMPILE_PREFIX_HEADER = YES;
				GCC_PREFIX_HEADER = "Tests/Tests-Prefix.pch";
				INFOPLIST_FILE = "Tests/Tests-Info.plist";
				ONLY_ACTIVE_ARCH = YES;
				OTHER_LDFLAGS = (
					"-ObjC",
					"-lxml2",
					"-framework",
					Security,
					"-framework",
					SystemConfiguration,
				);
				PRODUCT_NAME = "$(TARGET_NAME)";
				WRAPPER_EXTENSION = app;
			};
			name = Debug;
		};
		6DBE0F071675EB1800BE343A /* Release */ = {
			isa = XCBuildConfiguration;
			buildSettings = {
				"CODE_SIGN_IDENTITY[sdk=iphoneos*]" = "iPhone Developer";
				FRAMEWORK_SEARCH_PATHS = (
					"$(inherited)",
					"\"$(SRCROOT)\"",
					"\"$(SRCROOT)/../ios_network_layer/Tests\"",
					"\"$(SRCROOT)/Tests\"",
				);
				GCC_PRECOMPILE_PREFIX_HEADER = YES;
				GCC_PREFIX_HEADER = "Tests/Tests-Prefix.pch";
				INFOPLIST_FILE = "Tests/Tests-Info.plist";
				OTHER_LDFLAGS = (
					"-ObjC",
					"-lxml2",
					"-framework",
					Security,
					"-framework",
					SystemConfiguration,
				);
				PRODUCT_NAME = "$(TARGET_NAME)";
				WRAPPER_EXTENSION = app;
			};
			name = Release;
		};
/* End XCBuildConfiguration section */

/* Begin XCConfigurationList section */
		6DBE0EC31675EAA100BE343A /* Build configuration list for PBXProject "Wrapper" */ = {
			isa = XCConfigurationList;
			buildConfigurations = (
				6DBE0EE51675EAA100BE343A /* Debug */,
				6DBE0EE61675EAA100BE343A /* Release */,
			);
			defaultConfigurationIsVisible = 0;
			defaultConfigurationName = Release;
		};
		6DBE0EE71675EAA100BE343A /* Build configuration list for PBXNativeTarget "Wrapper" */ = {
			isa = XCConfigurationList;
			buildConfigurations = (
				6DBE0EE81675EAA100BE343A /* Debug */,
				6DBE0EE91675EAA100BE343A /* Release */,
			);
			defaultConfigurationIsVisible = 0;
			defaultConfigurationName = Release;
		};
		6DBE0F051675EB1800BE343A /* Build configuration list for PBXNativeTarget "Tests" */ = {
			isa = XCConfigurationList;
			buildConfigurations = (
				6DBE0F061675EB1800BE343A /* Debug */,
				6DBE0F071675EB1800BE343A /* Release */,
			);
			defaultConfigurationIsVisible = 0;
			defaultConfigurationName = Release;
		};
/* End XCConfigurationList section */
	};
	rootObject = 6DBE0EC01675EAA100BE343A /* Project object */;
}
